<?xml version="1.0" encoding="utf-8"?>
<Project ToolsVersion="4.0" xmlns="http://schemas.microsoft.com/developer/msbuild/2003">
  <ItemGroup>
    <Filter Include="Source Files">
      <UniqueIdentifier>{4FC737F1-C7A5-4376-A066-2A32D752A2FF}</UniqueIdentifier>
      <Extensions>cpp;cxx;c;def</Extensions>
    </Filter>
    <Filter Include="Header Files">
      <UniqueIdentifier>{93995380-89BD-4b04-88EB-625FBE52EBFB}</UniqueIdentifier>
      <Extensions>h</Extensions>
    </Filter>
    <Filter Include="Form Files">
      <UniqueIdentifier>{99349809-55BA-4b9d-BF79-8FDBB0286EB3}</UniqueIdentifier>
      <Extensions>ui</Extensions>
    </Filter>
    <Filter Include="Resource Files">
      <UniqueIdentifier>{D9D6E242-F8AF-46E4-B9FD-80ECBC20BA3E}</UniqueIdentifier>
      <Extensions>qrc;*</Extensions>
      <ParseFiles>false</ParseFiles>
    </Filter>
    <Filter Include="Generated Files">
      <UniqueIdentifier>{71ED8ED8-ACB9-4CE9-BBE1-E00B30144E11}</UniqueIdentifier>
      <Extensions>moc;h;cpp</Extensions>
      <SourceControlFiles>False</SourceControlFiles>
    </Filter>
    <Filter Include="Generated Files\Debug">
      <UniqueIdentifier>{9005205e-f188-490f-815e-970701f20182}</UniqueIdentifier>
      <Extensions>cpp;moc</Extensions>
      <SourceControlFiles>False</SourceControlFiles>
    </Filter>
    <Filter Include="Generated Files\Release">
      <UniqueIdentifier>{a119c130-2f0c-43a9-bed1-a815e3ccdaea}</UniqueIdentifier>
      <Extensions>cpp;moc</Extensions>
      <SourceControlFiles>False</SourceControlFiles>
    </Filter>
    <Filter Include="instruments">
      <UniqueIdentifier>{ba037755-6559-442b-9dd6-c0f91c517032}</UniqueIdentifier>
    </Filter>
    <Filter Include="HordeSceneEditor">
      <UniqueIdentifier>{330bc1d6-5549-4e92-89e3-a1e11b9a39ab}</UniqueIdentifier>
    </Filter>
    <Filter Include="HordeSceneEditor\Source Files">
      <UniqueIdentifier>{24904259-6bcc-4f78-9a13-4eeaece9215c}</UniqueIdentifier>
    </Filter>
    <Filter Include="HordeSceneEditor\Header Files">
      <UniqueIdentifier>{f6baee78-001b-40b5-a4de-6863ffd568f0}</UniqueIdentifier>
    </Filter>
    <Filter Include="Source Files\QNodes">
      <UniqueIdentifier>{776112ef-b791-4e3b-a015-44c874be2a3a}</UniqueIdentifier>
    </Filter>
    <Filter Include="Header Files\QNodes">
      <UniqueIdentifier>{8e377e15-6371-4e7f-b1b0-140a314fa2bc}</UniqueIdentifier>
    </Filter>
  </ItemGroup>
  <ItemGroup>
    <ClCompile Include="main.cpp">
      <Filter>Source Files</Filter>
    </ClCompile>
    <ClCompile Include="editor.cpp">
      <Filter>Source Files</Filter>
    </ClCompile>
    <ClCompile Include="GeneratedFiles\Debug\moc_editor.cpp">
      <Filter>Generated Files\Debug</Filter>
    </ClCompile>
    <ClCompile Include="GeneratedFiles\Release\moc_editor.cpp">
      <Filter>Generated Files\Release</Filter>
    </ClCompile>
    <ClCompile Include="GeneratedFiles\qrc_editor.cpp">
      <Filter>Generated Files</Filter>
    </ClCompile>
    <ClCompile Include="GeneratedFiles\Debug\moc_baseinstrument.cpp">
      <Filter>Generated Files\Debug</Filter>
    </ClCompile>
    <ClCompile Include="GeneratedFiles\Release\moc_baseinstrument.cpp">
      <Filter>Generated Files\Release</Filter>
    </ClCompile>
    <ClCompile Include="GeneratedFiles\Debug\moc_instruments.cpp">
      <Filter>Generated Files\Debug</Filter>
    </ClCompile>
    <ClCompile Include="GeneratedFiles\Release\moc_instruments.cpp">
      <Filter>Generated Files\Release</Filter>
    </ClCompile>
    <ClCompile Include="GeneratedFiles\Debug\moc_selectobjectbymouse.cpp">
      <Filter>Generated Files\Debug</Filter>
    </ClCompile>
    <ClCompile Include="GeneratedFiles\Release\moc_selectobjectbymouse.cpp">
      <Filter>Generated Files\Release</Filter>
    </ClCompile>
    <ClCompile Include="log_window.cpp">
      <Filter>Source Files</Filter>
    </ClCompile>
    <ClCompile Include="GeneratedFiles\Debug\moc_log_window.cpp">
      <Filter>Generated Files\Debug</Filter>
    </ClCompile>
    <ClCompile Include="GeneratedFiles\Release\moc_log_window.cpp">
      <Filter>Generated Files\Release</Filter>
    </ClCompile>
    <ClCompile Include="selectobjectbymouse.cpp">
      <Filter>instruments</Filter>
    </ClCompile>
    <ClCompile Include="instruments.cpp">
      <Filter>instruments</Filter>
    </ClCompile>
    <ClCompile Include="baseinstrument.cpp">
      <Filter>instruments</Filter>
    </ClCompile>
    <ClCompile Include="SceneWizard.cpp">
      <Filter>Source Files</Filter>
    </ClCompile>
    <ClCompile Include="SceneFile.cpp">
      <Filter>Source Files</Filter>
    </ClCompile>
    <ClCompile Include="SceneFilePage.cpp">
      <Filter>Source Files</Filter>
    </ClCompile>
    <ClCompile Include="GeneratedFiles\Debug\moc_SceneFilePage.cpp">
      <Filter>Generated Files\Debug</Filter>
    </ClCompile>
    <ClCompile Include="GeneratedFiles\Release\moc_SceneFilePage.cpp">
      <Filter>Generated Files\Release</Filter>
    </ClCompile>
    <ClCompile Include="GeneratedFiles\Debug\moc_QLightNodePage.cpp">
      <Filter>Generated Files\Debug</Filter>
    </ClCompile>
    <ClCompile Include="GeneratedFiles\Release\moc_QLightNodePage.cpp">
      <Filter>Generated Files\Release</Filter>
    </ClCompile>
    <ClCompile Include="GeneratedFiles\Debug\moc_QCameraNodePage.cpp">
      <Filter>Generated Files\Debug</Filter>
    </ClCompile>
    <ClCompile Include="GeneratedFiles\Release\moc_QCameraNodePage.cpp">
      <Filter>Generated Files\Release</Filter>
    </ClCompile>
    <ClCompile Include="GeneratedFiles\Debug\moc_QReferenceNodePage.cpp">
      <Filter>Generated Files\Debug</Filter>
    </ClCompile>
    <ClCompile Include="GeneratedFiles\Release\moc_QReferenceNodePage.cpp">
      <Filter>Generated Files\Release</Filter>
    </ClCompile>
    <ClCompile Include="CustomTypes.cpp">
      <Filter>Source Files</Filter>
    </ClCompile>
    <ClCompile Include="Vec3fProperty.cpp">
      <Filter>Source Files</Filter>
    </ClCompile>
    <ClCompile Include="GeneratedFiles\Debug\moc_Vec3fProperty.cpp">
      <Filter>Generated Files\Debug</Filter>
    </ClCompile>
    <ClCompile Include="GeneratedFiles\Release\moc_Vec3fProperty.cpp">
      <Filter>Generated Files\Release</Filter>
    </ClCompile>
    <ClCompile Include="GeneratedFiles\Debug\moc_QSceneNode.cpp">
      <Filter>Generated Files\Debug</Filter>
    </ClCompile>
    <ClCompile Include="GeneratedFiles\Release\moc_QSceneNode.cpp">
      <Filter>Generated Files\Release</Filter>
    </ClCompile>
    <ClCompile Include="SceneTreeModel.cpp">
      <Filter>Source Files</Filter>
    </ClCompile>
    <ClCompile Include="GeneratedFiles\Debug\moc_SceneTreeModel.cpp">
      <Filter>Generated Files\Debug</Filter>
    </ClCompile>
    <ClCompile Include="GeneratedFiles\Release\moc_SceneTreeModel.cpp">
      <Filter>Generated Files\Release</Filter>
    </ClCompile>
    <ClCompile Include="PlugInManager.cpp">
      <Filter>Source Files</Filter>
    </ClCompile>
    <ClCompile Include="GeneratedFiles\Debug\moc_PlugInManager.cpp">
      <Filter>Generated Files\Debug</Filter>
    </ClCompile>
    <ClCompile Include="GeneratedFiles\Release\moc_PlugInManager.cpp">
      <Filter>Generated Files\Release</Filter>
    </ClCompile>
    <ClCompile Include="GeneratedFiles\Debug\moc_SceneTreeWidget.cpp">
      <Filter>Generated Files\Debug</Filter>
    </ClCompile>
    <ClCompile Include="GeneratedFiles\Release\moc_SceneTreeWidget.cpp">
      <Filter>Generated Files\Release</Filter>
    </ClCompile>
    <ClCompile Include="SceneTreeWidget.cpp">
      <Filter>Source Files</Filter>
    </ClCompile>
    <ClCompile Include="SceneTreeView.cpp">
      <Filter>Source Files</Filter>
    </ClCompile>
    <ClCompile Include="GeneratedFiles\Debug\moc_SceneTreeView.cpp">
      <Filter>Generated Files\Debug</Filter>
    </ClCompile>
    <ClCompile Include="GeneratedFiles\Release\moc_SceneTreeView.cpp">
      <Filter>Generated Files\Release</Filter>
    </ClCompile>
    <ClCompile Include="GeneratedFiles\Debug\moc_QReferenceNode.cpp">
      <Filter>Generated Files\Debug</Filter>
    </ClCompile>
    <ClCompile Include="GeneratedFiles\Release\moc_QReferenceNode.cpp">
      <Filter>Generated Files\Release</Filter>
    </ClCompile>
    <ClCompile Include="GeneratedFiles\Debug\moc_QModelNode.cpp">
      <Filter>Generated Files\Debug</Filter>
    </ClCompile>
    <ClCompile Include="GeneratedFiles\Release\moc_QModelNode.cpp">
      <Filter>Generated Files\Release</Filter>
    </ClCompile>
    <ClCompile Include="GeneratedFiles\Debug\moc_QLightNode.cpp">
      <Filter>Generated Files\Debug</Filter>
    </ClCompile>
    <ClCompile Include="GeneratedFiles\Release\moc_QLightNode.cpp">
      <Filter>Generated Files\Release</Filter>
    </ClCompile>
    <ClCompile Include="GeneratedFiles\Debug\moc_QGroupNode.cpp">
      <Filter>Generated Files\Debug</Filter>
    </ClCompile>
    <ClCompile Include="GeneratedFiles\Release\moc_QGroupNode.cpp">
      <Filter>Generated Files\Release</Filter>
    </ClCompile>
    <ClCompile Include="GeneratedFiles\Debug\moc_QMeshNode.cpp">
      <Filter>Generated Files\Debug</Filter>
    </ClCompile>
    <ClCompile Include="GeneratedFiles\Release\moc_QMeshNode.cpp">
      <Filter>Generated Files\Release</Filter>
    </ClCompile>
    <ClCompile Include="GeneratedFiles\Debug\moc_QJointNode.cpp">
      <Filter>Generated Files\Debug</Filter>
    </ClCompile>
    <ClCompile Include="GeneratedFiles\Release\moc_QJointNode.cpp">
      <Filter>Generated Files\Release</Filter>
    </ClCompile>
    <ClCompile Include="GeneratedFiles\Debug\moc_QEmitterNode.cpp">
      <Filter>Generated Files\Debug</Filter>
    </ClCompile>
    <ClCompile Include="GeneratedFiles\Release\moc_QEmitterNode.cpp">
      <Filter>Generated Files\Release</Filter>
    </ClCompile>
    <ClCompile Include="GeneratedFiles\Debug\moc_QCameraNode.cpp">
      <Filter>Generated Files\Debug</Filter>
    </ClCompile>
    <ClCompile Include="GeneratedFiles\Release\moc_QCameraNode.cpp">
      <Filter>Generated Files\Release</Filter>
    </ClCompile>
    <ClCompile Include="QCameraNode.cpp">
      <Filter>Source Files\QNodes</Filter>
    </ClCompile>
    <ClCompile Include="QSceneNode.cpp">
      <Filter>Source Files\QNodes</Filter>
    </ClCompile>
    <ClCompile Include="QCameraNodePage.cpp">
      <Filter>Source Files\QNodes</Filter>
    </ClCompile>
    <ClCompile Include="QEmitterNode.cpp">
      <Filter>Source Files\QNodes</Filter>
    </ClCompile>
    <ClCompile Include="QGroupNode.cpp">
      <Filter>Source Files\QNodes</Filter>
    </ClCompile>
    <ClCompile Include="QJointNode.cpp">
      <Filter>Source Files\QNodes</Filter>
    </ClCompile>
    <ClCompile Include="QLightNode.cpp">
      <Filter>Source Files\QNodes</Filter>
    </ClCompile>
    <ClCompile Include="QLightNodePage.cpp">
      <Filter>Source Files\QNodes</Filter>
    </ClCompile>
    <ClCompile Include="QMeshNode.cpp">
      <Filter>Source Files\QNodes</Filter>
    </ClCompile>
    <ClCompile Include="QModelNode.cpp">
      <Filter>Source Files\QNodes</Filter>
    </ClCompile>
    <ClCompile Include="QReferenceNode.cpp">
      <Filter>Source Files\QNodes</Filter>
    </ClCompile>
    <ClCompile Include="QReferenceNodePage.cpp">
      <Filter>Source Files\QNodes</Filter>
    </ClCompile>
    <ClCompile Include="NodeWidget.cpp">
      <Filter>Source Files</Filter>
    </ClCompile>
    <ClCompile Include="GeneratedFiles\Debug\moc_NodeWidget.cpp">
      <Filter>Generated Files\Debug</Filter>
    </ClCompile>
    <ClCompile Include="GeneratedFiles\Release\moc_NodeWidget.cpp">
      <Filter>Generated Files\Release</Filter>
    </ClCompile>
    <ClCompile Include="GeneratedFiles\Debug\moc_gridview.cpp">
      <Filter>Generated Files\Debug</Filter>
    </ClCompile>
    <ClCompile Include="GeneratedFiles\Release\moc_gridview.cpp">
      <Filter>Generated Files\Release</Filter>
    </ClCompile>
    <ClCompile Include="gridview.cpp">
      <Filter>instruments</Filter>
    </ClCompile>
    <ClCompile Include="GameObject.cpp">
      <Filter>Source Files</Filter>
    </ClCompile>
    <ClCompile Include="GeneratedFiles\Debug\moc_GameObject.cpp">
      <Filter>Generated Files\Debug</Filter>
    </ClCompile>
    <ClCompile Include="GeneratedFiles\Release\moc_GameObject.cpp">
      <Filter>Generated Files\Release</Filter>
    </ClCompile>
    <ClCompile Include="GeneratedFiles\Debug\moc_debugview.cpp">
      <Filter>Generated Files\Debug</Filter>
    </ClCompile>
    <ClCompile Include="GeneratedFiles\Release\moc_debugview.cpp">
      <Filter>Generated Files\Release</Filter>
    </ClCompile>
    <ClCompile Include="debugview.cpp">
      <Filter>instruments</Filter>
    </ClCompile>
    <ClCompile Include="game.cpp">
      <Filter>Source Files</Filter>
    </ClCompile>
    <ClCompile Include="GeneratedFiles\Debug\moc_game.cpp">
      <Filter>Generated Files\Debug</Filter>
    </ClCompile>
    <ClCompile Include="GeneratedFiles\Release\moc_game.cpp">
      <Filter>Generated Files\Release</Filter>
    </ClCompile>
  </ItemGroup>
  <ItemGroup>
    <CustomBuild Include="editor.h">
      <Filter>Header Files</Filter>
    </CustomBuild>
    <CustomBuild Include="editor.ui">
      <Filter>Form Files</Filter>
    </CustomBuild>
    <CustomBuild Include="editor.qrc">
      <Filter>Resource Files</Filter>
    </CustomBuild>
    <CustomBuild Include="log_window.h">
      <Filter>Header Files</Filter>
    </CustomBuild>
    <CustomBuild Include="log_window.ui">
      <Filter>Form Files</Filter>
    </CustomBuild>
    <CustomBuild Include="baseinstrument.h">
      <Filter>instruments</Filter>
    </CustomBuild>
    <CustomBuild Include="instruments.h">
      <Filter>instruments</Filter>
    </CustomBuild>
    <CustomBuild Include="selectobjectbymouse.h">
      <Filter>instruments</Filter>
    </CustomBuild>
    <CustomBuild Include="SceneFilePage.ui">
      <Filter>Form Files</Filter>
    </CustomBuild>
    <CustomBuild Include="SceneFilePage.h">
      <Filter>Header Files</Filter>
    </CustomBuild>
    <CustomBuild Include="QLightNodePage.ui">
      <Filter>Form Files</Filter>
    </CustomBuild>
    <CustomBuild Include="QCameraNodePage.ui">
      <Filter>Form Files</Filter>
    </CustomBuild>
    <CustomBuild Include="QReferenceNodePage.ui">
      <Filter>Form Files</Filter>
    </CustomBuild>
    <CustomBuild Include="Vec3fProperty.h">
      <Filter>Header Files</Filter>
    </CustomBuild>
    <CustomBuild Include="SceneTreeModel.h">
      <Filter>Header Files</Filter>
    </CustomBuild>
    <CustomBuild Include="PlugInManager.h">
      <Filter>Header Files</Filter>
    </CustomBuild>
    <CustomBuild Include="SceneTreeWidget.h">
      <Filter>Header Files</Filter>
    </CustomBuild>
    <CustomBuild Include="SceneTreeWidget.ui">
      <Filter>Form Files</Filter>
    </CustomBuild>
    <CustomBuild Include="SceneTreeView.h">
      <Filter>Header Files</Filter>
    </CustomBuild>
    <CustomBuild Include="QCameraNode.h">
      <Filter>Header Files\QNodes</Filter>
    </CustomBuild>
    <CustomBuild Include="QSceneNode.h">
      <Filter>Header Files\QNodes</Filter>
    </CustomBuild>
    <CustomBuild Include="QCameraNodePage.h">
      <Filter>Header Files\QNodes</Filter>
    </CustomBuild>
    <CustomBuild Include="QEmitterNode.h">
      <Filter>Header Files\QNodes</Filter>
    </CustomBuild>
    <CustomBuild Include="QGroupNode.h">
      <Filter>Header Files\QNodes</Filter>
    </CustomBuild>
    <CustomBuild Include="QJointNode.h">
      <Filter>Header Files\QNodes</Filter>
    </CustomBuild>
    <CustomBuild Include="QLightNode.h">
      <Filter>Header Files\QNodes</Filter>
    </CustomBuild>
    <CustomBuild Include="QLightNodePage.h">
      <Filter>Header Files\QNodes</Filter>
    </CustomBuild>
    <CustomBuild Include="QMeshNode.h">
      <Filter>Header Files\QNodes</Filter>
    </CustomBuild>
    <CustomBuild Include="QModelNode.h">
      <Filter>Header Files\QNodes</Filter>
    </CustomBuild>
    <CustomBuild Include="QReferenceNode.h">
      <Filter>Header Files\QNodes</Filter>
    </CustomBuild>
    <CustomBuild Include="QReferenceNodePage.h">
      <Filter>Header Files\QNodes</Filter>
    </CustomBuild>
    <CustomBuild Include="NodeWidget.h">
      <Filter>Header Files</Filter>
    </CustomBuild>
    <CustomBuild Include="gridview.h">
      <Filter>instruments</Filter>
    </CustomBuild>
    <CustomBuild Include="GameObject.h">
      <Filter>Header Files</Filter>
    </CustomBuild>
    <CustomBuild Include="debugview.h">
      <Filter>instruments</Filter>
    </CustomBuild>
    <CustomBuild Include="game.h">
      <Filter>Header Files</Filter>
    </CustomBuild>
  </ItemGroup>
  <ItemGroup>
    <ClInclude Include="GeneratedFiles\ui_editor.h">
      <Filter>Generated Files</Filter>
    </ClInclude>
    <ClInclude Include="def_settings.h">
      <Filter>Header Files</Filter>
    </ClInclude>
    <ClInclude Include="GeneratedFiles\ui_log_window.h">
      <Filter>Generated Files</Filter>
    </ClInclude>
    <ClInclude Include="GeneratedFiles\ui_SceneFilePage.h">
      <Filter>Generated Files</Filter>
    </ClInclude>
    <ClInclude Include="SceneWizard.h">
      <Filter>Header Files</Filter>
    </ClInclude>
    <ClInclude Include="SceneFile.h">
      <Filter>Header Files</Filter>
    </ClInclude>
    <ClInclude Include="GeneratedFiles\ui_QLightNodePage.h">
      <Filter>Generated Files</Filter>
    </ClInclude>
    <ClInclude Include="GeneratedFiles\ui_QCameraNodePage.h">
      <Filter>Generated Files</Filter>
    </ClInclude>
    <ClInclude Include="GeneratedFiles\ui_QReferenceNodePage.h">
      <Filter>Generated Files</Filter>
    </ClInclude>
    <ClInclude Include="CustomTypes.h">
      <Filter>Header Files</Filter>
    </ClInclude>
    <ClInclude Include="GeneratedFiles\ui_SceneTreeWidget.h">
      <Filter>Generated Files</Filter>
    </ClInclude>
  </ItemGroup>
</Project>