
Microsoft Visual Studio Solution File, Format Version 11.00
# Visual Studio 2010
Project("{8BC9CEB8-8B4A-11D0-8D11-00A0C91BC942}") = "Horde3D Engine", "..\Horde3DEngine\Horde3D Engine.vcxproj", "{1D558D7D-DA57-4908-BCFC-902054FE6B63}"
EndProject
Project("{8BC9CEB8-8B4A-11D0-8D11-00A0C91BC942}") = "Horde3D Utils", "..\Horde3DUtils\Horde3D Utils.vcxproj", "{AE8EB9B3-D2C2-4372-AB4B-FC980EE69D2D}"
	ProjectSection(ProjectDependencies) = postProject
		{1D558D7D-DA57-4908-BCFC-902054FE6B63} = {1D558D7D-DA57-4908-BCFC-902054FE6B63}
	EndProjectSection
EndProject
Project("{8BC9CEB8-8B4A-11D0-8D11-00A0C91BC942}") = "editor", "src\editor.vcxproj", "{67EDB504-C645-4175-80CC-BFEC306D0523}"
	ProjectSection(ProjectDependencies) = postProject
		{DB488001-8E98-4724-9787-72DA137C4E47} = {DB488001-8E98-4724-9787-72DA137C4E47}
		{C0A9DD0A-FDA1-4749-86B7-D831CDD4478B} = {C0A9DD0A-FDA1-4749-86B7-D831CDD4478B}
		{FBC32D2C-84B1-4833-9E6B-2BB94206DAC4} = {FBC32D2C-84B1-4833-9E6B-2BB94206DAC4}
		{ACB55A3A-9E15-4A30-874C-EB26707EBB38} = {ACB55A3A-9E15-4A30-874C-EB26707EBB38}
		{5FDF2849-8AB0-4E61-AF32-1C9AF7479601} = {5FDF2849-8AB0-4E61-AF32-1C9AF7479601}
		{83EAA85F-C485-3606-8EAD-E289932E688E} = {83EAA85F-C485-3606-8EAD-E289932E688E}
		{1D558D7D-DA57-4908-BCFC-902054FE6B63} = {1D558D7D-DA57-4908-BCFC-902054FE6B63}
		{7B21D090-9A12-4E86-8E65-9AAEA2B72AB4} = {7B21D090-9A12-4E86-8E65-9AAEA2B72AB4}
		{53D32FAF-A8D5-4CE8-A887-A6EE988CC0A3} = {53D32FAF-A8D5-4CE8-A887-A6EE988CC0A3}
		{AE8EB9B3-D2C2-4372-AB4B-FC980EE69D2D} = {AE8EB9B3-D2C2-4372-AB4B-FC980EE69D2D}
	EndProjectSection
EndProject
Project("{8BC9CEB8-8B4A-11D0-8D11-00A0C91BC942}") = "NodesTree_d", "NodesTree_d\NodesTree_d.vcxproj", "{FBC32D2C-84B1-4833-9E6B-2BB94206DAC4}"
	ProjectSection(ProjectDependencies) = postProject
		{1D558D7D-DA57-4908-BCFC-902054FE6B63} = {1D558D7D-DA57-4908-BCFC-902054FE6B63}
		{AE8EB9B3-D2C2-4372-AB4B-FC980EE69D2D} = {AE8EB9B3-D2C2-4372-AB4B-FC980EE69D2D}
	EndProjectSection
EndProject
Project("{8BC9CEB8-8B4A-11D0-8D11-00A0C91BC942}") = "QtSolutions_PropertyBrowser-head", "qtpropertybrowser\buildlib\buildlib.vcxproj", "{95F00DFC-9308-3DEB-83FB-3072C28A9EB8}"
EndProject
Project("{8BC9CEB8-8B4A-11D0-8D11-00A0C91BC942}") = "PropertyEditor", "PropertyEditor\PropertyEditor.vcxproj", "{53D32FAF-A8D5-4CE8-A887-A6EE988CC0A3}"
	ProjectSection(ProjectDependencies) = postProject
		{1D558D7D-DA57-4908-BCFC-902054FE6B63} = {1D558D7D-DA57-4908-BCFC-902054FE6B63}
		{AE8EB9B3-D2C2-4372-AB4B-FC980EE69D2D} = {AE8EB9B3-D2C2-4372-AB4B-FC980EE69D2D}
		{95F00DFC-9308-3DEB-83FB-3072C28A9EB8} = {95F00DFC-9308-3DEB-83FB-3072C28A9EB8}
	EndProjectSection
EndProject
Project("{8BC9CEB8-8B4A-11D0-8D11-00A0C91BC942}") = "rc_win_manager", "rc_win_manager\rc_win_manager.vcxproj", "{ACB55A3A-9E15-4A30-874C-EB26707EBB38}"
	ProjectSection(ProjectDependencies) = postProject
		{FBC32D2C-84B1-4833-9E6B-2BB94206DAC4} = {FBC32D2C-84B1-4833-9E6B-2BB94206DAC4}
		{1D558D7D-DA57-4908-BCFC-902054FE6B63} = {1D558D7D-DA57-4908-BCFC-902054FE6B63}
		{AE8EB9B3-D2C2-4372-AB4B-FC980EE69D2D} = {AE8EB9B3-D2C2-4372-AB4B-FC980EE69D2D}
	EndProjectSection
EndProject
Project("{8BC9CEB8-8B4A-11D0-8D11-00A0C91BC942}") = "QsettingUI", "QsettingUI\QsettingUI.vcxproj", "{27B733A9-04D4-3335-8361-3CC1D5D275C2}"
EndProject
Project("{8BC9CEB8-8B4A-11D0-8D11-00A0C91BC942}") = "PythonIDE", "PythonIDE\application.vcxproj", "{83EAA85F-C485-3606-8EAD-E289932E688E}"
	ProjectSection(ProjectDependencies) = postProject
		{7D5C4A6F-C0C7-33CE-895F-A613AADD373E} = {7D5C4A6F-C0C7-33CE-895F-A613AADD373E}
		{F67CCD78-3A40-3EFB-B6B7-931B8EA0E2A0} = {F67CCD78-3A40-3EFB-B6B7-931B8EA0E2A0}
		{27B733A9-04D4-3335-8361-3CC1D5D275C2} = {27B733A9-04D4-3335-8361-3CC1D5D275C2}
		{619FA1AB-A4A1-38AC-B68E-6C4F966C68AE} = {619FA1AB-A4A1-38AC-B68E-6C4F966C68AE}
		{5BA78FB2-47A1-4FE6-9C16-E7FBECEB6DFC} = {5BA78FB2-47A1-4FE6-9C16-E7FBECEB6DFC}
	EndProjectSection
EndProject
Project("{2150E333-8FDC-42A3-9474-1A3956D46DE8}") = "Python", "Python", "{D0F5990F-A203-4968-BE91-D6200E090606}"
EndProject
Project("{8BC9CEB8-8B4A-11D0-8D11-00A0C91BC942}") = "qscintilla", "QScintilla-gpl-2.7.1\Qt4Qt5\qscintilla.vcxproj", "{7D5C4A6F-C0C7-33CE-895F-A613AADD373E}"
EndProject
Project("{8BC9CEB8-8B4A-11D0-8D11-00A0C91BC942}") = "Designer", "PythonIDE\Designer\Designer.vcxproj", "{5BA78FB2-47A1-4FE6-9C16-E7FBECEB6DFC}"
EndProject
Project("{8BC9CEB8-8B4A-11D0-8D11-00A0C91BC942}") = "PythonQt_d", "PythonQT48\src\PythonQt_d.vcxproj", "{F67CCD78-3A40-3EFB-B6B7-931B8EA0E2A0}"
EndProject
Project("{8BC9CEB8-8B4A-11D0-8D11-00A0C91BC942}") = "PythonQt_QtAll_d", "PythonQT48\extensions\PythonQt_QtAll\PythonQt_QtAll_d.vcxproj", "{619FA1AB-A4A1-38AC-B68E-6C4F966C68AE}"
	ProjectSection(ProjectDependencies) = postProject
		{F67CCD78-3A40-3EFB-B6B7-931B8EA0E2A0} = {F67CCD78-3A40-3EFB-B6B7-931B8EA0E2A0}
	EndProjectSection
EndProject
Project("{2150E333-8FDC-42A3-9474-1A3956D46DE8}") = "Horde3d", "Horde3d", "{4ADB29D6-F1A4-4E50-AC0E-1F63C655A346}"
EndProject
Project("{8BC9CEB8-8B4A-11D0-8D11-00A0C91BC942}") = "QPropertyEditor", "QPropertyEditor\QPropertyEditor.vcxproj", "{C0A9DD0A-FDA1-4749-86B7-D831CDD4478B}"
EndProject
Project("{8BC9CEB8-8B4A-11D0-8D11-00A0C91BC942}") = "QXmlTree", "QXmlTree\QXmlTree.vcxproj", "{5FDF2849-8AB0-4E61-AF32-1C9AF7479601}"
EndProject
Project("{8BC9CEB8-8B4A-11D0-8D11-00A0C91BC942}") = "FTKConverter", "..\FTKConverter\FTKConverter\FTKConverter.vcxproj", "{8493C89C-1CC1-4E8B-9EFB-A1B833608B80}"
EndProject
Project("{2150E333-8FDC-42A3-9474-1A3956D46DE8}") = "GameEngine", "GameEngine", "{C12C7BF5-DE0C-4DB2-AA2E-F12575A4A9B2}"
EndProject
Project("{8BC9CEB8-8B4A-11D0-8D11-00A0C91BC942}") = "GameEngineCore", "..\GameEngine\GameEngineCore\GameEngineCore.vcxproj", "{DB488001-8E98-4724-9787-72DA137C4E47}"
	ProjectSection(ProjectDependencies) = postProject
		{3BF9D44F-4A29-46EE-9A04-EE706E602620} = {3BF9D44F-4A29-46EE-9A04-EE706E602620}
		{E02FCFB9-A587-4498-8EF0-47937769B7AA} = {E02FCFB9-A587-4498-8EF0-47937769B7AA}
	EndProjectSection
EndProject
Project("{8BC9CEB8-8B4A-11D0-8D11-00A0C91BC942}") = "zlib", "..\GameEngine\Dependencies\zlib\zlib.vcxproj", "{E02FCFB9-A587-4498-8EF0-47937769B7AA}"
EndProject
Project("{8BC9CEB8-8B4A-11D0-8D11-00A0C91BC942}") = "XmlParser", "..\GameEngine\Dependencies\XMLParser\XmlParserLib.vcxproj", "{3BF9D44F-4A29-46EE-9A04-EE706E602620}"
EndProject
Project("{8BC9CEB8-8B4A-11D0-8D11-00A0C91BC942}") = "GameSceneGraphComponent", "..\GameEngine\GameSceneGraphComponent\GameSceneGraphComponent.vcxproj", "{7B21D090-9A12-4E86-8E65-9AAEA2B72AB4}"
EndProject
Global
	GlobalSection(SolutionConfigurationPlatforms) = preSolution
		Debug|Win32 = Debug|Win32
		MinSizeRel|Win32 = MinSizeRel|Win32
		Release|Win32 = Release|Win32
		ReleaseNoOpenMP|Win32 = ReleaseNoOpenMP|Win32
		RelWithDebInfo|Win32 = RelWithDebInfo|Win32
		Template|Win32 = Template|Win32
	EndGlobalSection
	GlobalSection(ProjectConfigurationPlatforms) = postSolution
		{1D558D7D-DA57-4908-BCFC-902054FE6B63}.Debug|Win32.ActiveCfg = Debug|Win32
		{1D558D7D-DA57-4908-BCFC-902054FE6B63}.Debug|Win32.Build.0 = Debug|Win32
		{1D558D7D-DA57-4908-BCFC-902054FE6B63}.MinSizeRel|Win32.ActiveCfg = Release|Win32
		{1D558D7D-DA57-4908-BCFC-902054FE6B63}.MinSizeRel|Win32.Build.0 = Release|Win32
		{1D558D7D-DA57-4908-BCFC-902054FE6B63}.Release|Win32.ActiveCfg = Release|Win32
		{1D558D7D-DA57-4908-BCFC-902054FE6B63}.Release|Win32.Build.0 = Release|Win32
		{1D558D7D-DA57-4908-BCFC-902054FE6B63}.ReleaseNoOpenMP|Win32.ActiveCfg = Release|Win32
		{1D558D7D-DA57-4908-BCFC-902054FE6B63}.ReleaseNoOpenMP|Win32.Build.0 = Release|Win32
		{1D558D7D-DA57-4908-BCFC-902054FE6B63}.RelWithDebInfo|Win32.ActiveCfg = Release|Win32
		{1D558D7D-DA57-4908-BCFC-902054FE6B63}.RelWithDebInfo|Win32.Build.0 = Release|Win32
		{1D558D7D-DA57-4908-BCFC-902054FE6B63}.Template|Win32.ActiveCfg = Release|Win32
		{1D558D7D-DA57-4908-BCFC-902054FE6B63}.Template|Win32.Build.0 = Release|Win32
		{AE8EB9B3-D2C2-4372-AB4B-FC980EE69D2D}.Debug|Win32.ActiveCfg = Debug|Win32
		{AE8EB9B3-D2C2-4372-AB4B-FC980EE69D2D}.Debug|Win32.Build.0 = Debug|Win32
		{AE8EB9B3-D2C2-4372-AB4B-FC980EE69D2D}.MinSizeRel|Win32.ActiveCfg = Release|Win32
		{AE8EB9B3-D2C2-4372-AB4B-FC980EE69D2D}.MinSizeRel|Win32.Build.0 = Release|Win32
		{AE8EB9B3-D2C2-4372-AB4B-FC980EE69D2D}.Release|Win32.ActiveCfg = Release|Win32
		{AE8EB9B3-D2C2-4372-AB4B-FC980EE69D2D}.Release|Win32.Build.0 = Release|Win32
		{AE8EB9B3-D2C2-4372-AB4B-FC980EE69D2D}.ReleaseNoOpenMP|Win32.ActiveCfg = Release|Win32
		{AE8EB9B3-D2C2-4372-AB4B-FC980EE69D2D}.ReleaseNoOpenMP|Win32.Build.0 = Release|Win32
		{AE8EB9B3-D2C2-4372-AB4B-FC980EE69D2D}.RelWithDebInfo|Win32.ActiveCfg = Release|Win32
		{AE8EB9B3-D2C2-4372-AB4B-FC980EE69D2D}.RelWithDebInfo|Win32.Build.0 = Release|Win32
		{AE8EB9B3-D2C2-4372-AB4B-FC980EE69D2D}.Template|Win32.ActiveCfg = Release|Win32
		{AE8EB9B3-D2C2-4372-AB4B-FC980EE69D2D}.Template|Win32.Build.0 = Release|Win32
		{67EDB504-C645-4175-80CC-BFEC306D0523}.Debug|Win32.ActiveCfg = Debug|Win32
		{67EDB504-C645-4175-80CC-BFEC306D0523}.Debug|Win32.Build.0 = Debug|Win32
		{67EDB504-C645-4175-80CC-BFEC306D0523}.MinSizeRel|Win32.ActiveCfg = Release|Win32
		{67EDB504-C645-4175-80CC-BFEC306D0523}.MinSizeRel|Win32.Build.0 = Release|Win32
		{67EDB504-C645-4175-80CC-BFEC306D0523}.Release|Win32.ActiveCfg = Release|Win32
		{67EDB504-C645-4175-80CC-BFEC306D0523}.Release|Win32.Build.0 = Release|Win32
		{67EDB504-C645-4175-80CC-BFEC306D0523}.ReleaseNoOpenMP|Win32.ActiveCfg = Release|Win32
		{67EDB504-C645-4175-80CC-BFEC306D0523}.ReleaseNoOpenMP|Win32.Build.0 = Release|Win32
		{67EDB504-C645-4175-80CC-BFEC306D0523}.RelWithDebInfo|Win32.ActiveCfg = Release|Win32
		{67EDB504-C645-4175-80CC-BFEC306D0523}.RelWithDebInfo|Win32.Build.0 = Release|Win32
		{67EDB504-C645-4175-80CC-BFEC306D0523}.Template|Win32.ActiveCfg = Release|Win32
		{67EDB504-C645-4175-80CC-BFEC306D0523}.Template|Win32.Build.0 = Release|Win32
		{FBC32D2C-84B1-4833-9E6B-2BB94206DAC4}.Debug|Win32.ActiveCfg = Debug|Win32
		{FBC32D2C-84B1-4833-9E6B-2BB94206DAC4}.Debug|Win32.Build.0 = Debug|Win32
		{FBC32D2C-84B1-4833-9E6B-2BB94206DAC4}.MinSizeRel|Win32.ActiveCfg = Template|Win32
		{FBC32D2C-84B1-4833-9E6B-2BB94206DAC4}.MinSizeRel|Win32.Build.0 = Template|Win32
		{FBC32D2C-84B1-4833-9E6B-2BB94206DAC4}.Release|Win32.ActiveCfg = Release|Win32
		{FBC32D2C-84B1-4833-9E6B-2BB94206DAC4}.Release|Win32.Build.0 = Release|Win32
		{FBC32D2C-84B1-4833-9E6B-2BB94206DAC4}.ReleaseNoOpenMP|Win32.ActiveCfg = Release|Win32
		{FBC32D2C-84B1-4833-9E6B-2BB94206DAC4}.ReleaseNoOpenMP|Win32.Build.0 = Release|Win32
		{FBC32D2C-84B1-4833-9E6B-2BB94206DAC4}.RelWithDebInfo|Win32.ActiveCfg = Release|Win32
		{FBC32D2C-84B1-4833-9E6B-2BB94206DAC4}.RelWithDebInfo|Win32.Build.0 = Release|Win32
		{FBC32D2C-84B1-4833-9E6B-2BB94206DAC4}.Template|Win32.ActiveCfg = Template|Win32
		{FBC32D2C-84B1-4833-9E6B-2BB94206DAC4}.Template|Win32.Build.0 = Template|Win32
		{95F00DFC-9308-3DEB-83FB-3072C28A9EB8}.Debug|Win32.ActiveCfg = Debug|Win32
		{95F00DFC-9308-3DEB-83FB-3072C28A9EB8}.Debug|Win32.Build.0 = Debug|Win32
		{95F00DFC-9308-3DEB-83FB-3072C28A9EB8}.MinSizeRel|Win32.ActiveCfg = Template|Win32
		{95F00DFC-9308-3DEB-83FB-3072C28A9EB8}.MinSizeRel|Win32.Build.0 = Template|Win32
		{95F00DFC-9308-3DEB-83FB-3072C28A9EB8}.Release|Win32.ActiveCfg = Release|Win32
		{95F00DFC-9308-3DEB-83FB-3072C28A9EB8}.Release|Win32.Build.0 = Release|Win32
		{95F00DFC-9308-3DEB-83FB-3072C28A9EB8}.ReleaseNoOpenMP|Win32.ActiveCfg = Release|Win32
		{95F00DFC-9308-3DEB-83FB-3072C28A9EB8}.ReleaseNoOpenMP|Win32.Build.0 = Release|Win32
		{95F00DFC-9308-3DEB-83FB-3072C28A9EB8}.RelWithDebInfo|Win32.ActiveCfg = Release|Win32
		{95F00DFC-9308-3DEB-83FB-3072C28A9EB8}.RelWithDebInfo|Win32.Build.0 = Release|Win32
		{95F00DFC-9308-3DEB-83FB-3072C28A9EB8}.Template|Win32.ActiveCfg = Template|Win32
		{95F00DFC-9308-3DEB-83FB-3072C28A9EB8}.Template|Win32.Build.0 = Template|Win32
		{53D32FAF-A8D5-4CE8-A887-A6EE988CC0A3}.Debug|Win32.ActiveCfg = Debug|Win32
		{53D32FAF-A8D5-4CE8-A887-A6EE988CC0A3}.Debug|Win32.Build.0 = Debug|Win32
		{53D32FAF-A8D5-4CE8-A887-A6EE988CC0A3}.MinSizeRel|Win32.ActiveCfg = Template|Win32
		{53D32FAF-A8D5-4CE8-A887-A6EE988CC0A3}.MinSizeRel|Win32.Build.0 = Template|Win32
		{53D32FAF-A8D5-4CE8-A887-A6EE988CC0A3}.Release|Win32.ActiveCfg = Release|Win32
		{53D32FAF-A8D5-4CE8-A887-A6EE988CC0A3}.Release|Win32.Build.0 = Release|Win32
		{53D32FAF-A8D5-4CE8-A887-A6EE988CC0A3}.ReleaseNoOpenMP|Win32.ActiveCfg = Release|Win32
		{53D32FAF-A8D5-4CE8-A887-A6EE988CC0A3}.ReleaseNoOpenMP|Win32.Build.0 = Release|Win32
		{53D32FAF-A8D5-4CE8-A887-A6EE988CC0A3}.RelWithDebInfo|Win32.ActiveCfg = Release|Win32
		{53D32FAF-A8D5-4CE8-A887-A6EE988CC0A3}.RelWithDebInfo|Win32.Build.0 = Release|Win32
		{53D32FAF-A8D5-4CE8-A887-A6EE988CC0A3}.Template|Win32.ActiveCfg = Template|Win32
		{53D32FAF-A8D5-4CE8-A887-A6EE988CC0A3}.Template|Win32.Build.0 = Template|Win32
		{ACB55A3A-9E15-4A30-874C-EB26707EBB38}.Debug|Win32.ActiveCfg = Debug|Win32
		{ACB55A3A-9E15-4A30-874C-EB26707EBB38}.Debug|Win32.Build.0 = Debug|Win32
		{ACB55A3A-9E15-4A30-874C-EB26707EBB38}.MinSizeRel|Win32.ActiveCfg = Release|Win32
		{ACB55A3A-9E15-4A30-874C-EB26707EBB38}.MinSizeRel|Win32.Build.0 = Release|Win32
		{ACB55A3A-9E15-4A30-874C-EB26707EBB38}.Release|Win32.ActiveCfg = Release|Win32
		{ACB55A3A-9E15-4A30-874C-EB26707EBB38}.Release|Win32.Build.0 = Release|Win32
		{ACB55A3A-9E15-4A30-874C-EB26707EBB38}.ReleaseNoOpenMP|Win32.ActiveCfg = Release|Win32
		{ACB55A3A-9E15-4A30-874C-EB26707EBB38}.ReleaseNoOpenMP|Win32.Build.0 = Release|Win32
		{ACB55A3A-9E15-4A30-874C-EB26707EBB38}.RelWithDebInfo|Win32.ActiveCfg = Release|Win32
		{ACB55A3A-9E15-4A30-874C-EB26707EBB38}.RelWithDebInfo|Win32.Build.0 = Release|Win32
		{ACB55A3A-9E15-4A30-874C-EB26707EBB38}.Template|Win32.ActiveCfg = Release|Win32
		{ACB55A3A-9E15-4A30-874C-EB26707EBB38}.Template|Win32.Build.0 = Release|Win32
		{27B733A9-04D4-3335-8361-3CC1D5D275C2}.Debug|Win32.ActiveCfg = Debug|Win32
		{27B733A9-04D4-3335-8361-3CC1D5D275C2}.Debug|Win32.Build.0 = Debug|Win32
		{27B733A9-04D4-3335-8361-3CC1D5D275C2}.MinSizeRel|Win32.ActiveCfg = Release|Win32
		{27B733A9-04D4-3335-8361-3CC1D5D275C2}.MinSizeRel|Win32.Build.0 = Release|Win32
		{27B733A9-04D4-3335-8361-3CC1D5D275C2}.Release|Win32.ActiveCfg = Release|Win32
		{27B733A9-04D4-3335-8361-3CC1D5D275C2}.Release|Win32.Build.0 = Release|Win32
		{27B733A9-04D4-3335-8361-3CC1D5D275C2}.ReleaseNoOpenMP|Win32.ActiveCfg = Release|Win32
		{27B733A9-04D4-3335-8361-3CC1D5D275C2}.ReleaseNoOpenMP|Win32.Build.0 = Release|Win32
		{27B733A9-04D4-3335-8361-3CC1D5D275C2}.RelWithDebInfo|Win32.ActiveCfg = Release|Win32
		{27B733A9-04D4-3335-8361-3CC1D5D275C2}.RelWithDebInfo|Win32.Build.0 = Release|Win32
		{27B733A9-04D4-3335-8361-3CC1D5D275C2}.Template|Win32.ActiveCfg = Release|Win32
		{27B733A9-04D4-3335-8361-3CC1D5D275C2}.Template|Win32.Build.0 = Release|Win32
		{83EAA85F-C485-3606-8EAD-E289932E688E}.Debug|Win32.ActiveCfg = Debug|Win32
		{83EAA85F-C485-3606-8EAD-E289932E688E}.Debug|Win32.Build.0 = Debug|Win32
		{83EAA85F-C485-3606-8EAD-E289932E688E}.MinSizeRel|Win32.ActiveCfg = Release|Win32
		{83EAA85F-C485-3606-8EAD-E289932E688E}.MinSizeRel|Win32.Build.0 = Release|Win32
		{83EAA85F-C485-3606-8EAD-E289932E688E}.Release|Win32.ActiveCfg = Release|Win32
		{83EAA85F-C485-3606-8EAD-E289932E688E}.Release|Win32.Build.0 = Release|Win32
		{83EAA85F-C485-3606-8EAD-E289932E688E}.ReleaseNoOpenMP|Win32.ActiveCfg = Release|Win32
		{83EAA85F-C485-3606-8EAD-E289932E688E}.ReleaseNoOpenMP|Win32.Build.0 = Release|Win32
		{83EAA85F-C485-3606-8EAD-E289932E688E}.RelWithDebInfo|Win32.ActiveCfg = Release|Win32
		{83EAA85F-C485-3606-8EAD-E289932E688E}.RelWithDebInfo|Win32.Build.0 = Release|Win32
		{83EAA85F-C485-3606-8EAD-E289932E688E}.Template|Win32.ActiveCfg = Release|Win32
		{83EAA85F-C485-3606-8EAD-E289932E688E}.Template|Win32.Build.0 = Release|Win32
		{7D5C4A6F-C0C7-33CE-895F-A613AADD373E}.Debug|Win32.ActiveCfg = Debug|Win32
		{7D5C4A6F-C0C7-33CE-895F-A613AADD373E}.Debug|Win32.Build.0 = Debug|Win32
		{7D5C4A6F-C0C7-33CE-895F-A613AADD373E}.MinSizeRel|Win32.ActiveCfg = Debug|Win32
		{7D5C4A6F-C0C7-33CE-895F-A613AADD373E}.MinSizeRel|Win32.Build.0 = Debug|Win32
		{7D5C4A6F-C0C7-33CE-895F-A613AADD373E}.Release|Win32.ActiveCfg = Release|Win32
		{7D5C4A6F-C0C7-33CE-895F-A613AADD373E}.Release|Win32.Build.0 = Release|Win32
		{7D5C4A6F-C0C7-33CE-895F-A613AADD373E}.ReleaseNoOpenMP|Win32.ActiveCfg = Release|Win32
		{7D5C4A6F-C0C7-33CE-895F-A613AADD373E}.ReleaseNoOpenMP|Win32.Build.0 = Release|Win32
		{7D5C4A6F-C0C7-33CE-895F-A613AADD373E}.RelWithDebInfo|Win32.ActiveCfg = Release|Win32
		{7D5C4A6F-C0C7-33CE-895F-A613AADD373E}.RelWithDebInfo|Win32.Build.0 = Release|Win32
		{7D5C4A6F-C0C7-33CE-895F-A613AADD373E}.Template|Win32.ActiveCfg = Debug|Win32
		{7D5C4A6F-C0C7-33CE-895F-A613AADD373E}.Template|Win32.Build.0 = Debug|Win32
		{5BA78FB2-47A1-4FE6-9C16-E7FBECEB6DFC}.Debug|Win32.ActiveCfg = Debug|Win32
		{5BA78FB2-47A1-4FE6-9C16-E7FBECEB6DFC}.Debug|Win32.Build.0 = Debug|Win32
		{5BA78FB2-47A1-4FE6-9C16-E7FBECEB6DFC}.MinSizeRel|Win32.ActiveCfg = Release|Win32
		{5BA78FB2-47A1-4FE6-9C16-E7FBECEB6DFC}.MinSizeRel|Win32.Build.0 = Release|Win32
		{5BA78FB2-47A1-4FE6-9C16-E7FBECEB6DFC}.Release|Win32.ActiveCfg = Release|Win32
		{5BA78FB2-47A1-4FE6-9C16-E7FBECEB6DFC}.Release|Win32.Build.0 = Release|Win32
		{5BA78FB2-47A1-4FE6-9C16-E7FBECEB6DFC}.ReleaseNoOpenMP|Win32.ActiveCfg = Release|Win32
		{5BA78FB2-47A1-4FE6-9C16-E7FBECEB6DFC}.ReleaseNoOpenMP|Win32.Build.0 = Release|Win32
		{5BA78FB2-47A1-4FE6-9C16-E7FBECEB6DFC}.RelWithDebInfo|Win32.ActiveCfg = Release|Win32
		{5BA78FB2-47A1-4FE6-9C16-E7FBECEB6DFC}.RelWithDebInfo|Win32.Build.0 = Release|Win32
		{5BA78FB2-47A1-4FE6-9C16-E7FBECEB6DFC}.Template|Win32.ActiveCfg = Release|Win32
		{5BA78FB2-47A1-4FE6-9C16-E7FBECEB6DFC}.Template|Win32.Build.0 = Release|Win32
		{F67CCD78-3A40-3EFB-B6B7-931B8EA0E2A0}.Debug|Win32.ActiveCfg = Debug|Win32
		{F67CCD78-3A40-3EFB-B6B7-931B8EA0E2A0}.Debug|Win32.Build.0 = Debug|Win32
		{F67CCD78-3A40-3EFB-B6B7-931B8EA0E2A0}.MinSizeRel|Win32.ActiveCfg = Release|Win32
		{F67CCD78-3A40-3EFB-B6B7-931B8EA0E2A0}.MinSizeRel|Win32.Build.0 = Release|Win32
		{F67CCD78-3A40-3EFB-B6B7-931B8EA0E2A0}.Release|Win32.ActiveCfg = Release|Win32
		{F67CCD78-3A40-3EFB-B6B7-931B8EA0E2A0}.Release|Win32.Build.0 = Release|Win32
		{F67CCD78-3A40-3EFB-B6B7-931B8EA0E2A0}.ReleaseNoOpenMP|Win32.ActiveCfg = Release|Win32
		{F67CCD78-3A40-3EFB-B6B7-931B8EA0E2A0}.ReleaseNoOpenMP|Win32.Build.0 = Release|Win32
		{F67CCD78-3A40-3EFB-B6B7-931B8EA0E2A0}.RelWithDebInfo|Win32.ActiveCfg = Release|Win32
		{F67CCD78-3A40-3EFB-B6B7-931B8EA0E2A0}.RelWithDebInfo|Win32.Build.0 = Release|Win32
		{F67CCD78-3A40-3EFB-B6B7-931B8EA0E2A0}.Template|Win32.ActiveCfg = Release|Win32
		{F67CCD78-3A40-3EFB-B6B7-931B8EA0E2A0}.Template|Win32.Build.0 = Release|Win32
		{619FA1AB-A4A1-38AC-B68E-6C4F966C68AE}.Debug|Win32.ActiveCfg = Debug|Win32
		{619FA1AB-A4A1-38AC-B68E-6C4F966C68AE}.Debug|Win32.Build.0 = Debug|Win32
		{619FA1AB-A4A1-38AC-B68E-6C4F966C68AE}.MinSizeRel|Win32.ActiveCfg = Release|Win32
		{619FA1AB-A4A1-38AC-B68E-6C4F966C68AE}.MinSizeRel|Win32.Build.0 = Release|Win32
		{619FA1AB-A4A1-38AC-B68E-6C4F966C68AE}.Release|Win32.ActiveCfg = Release|Win32
		{619FA1AB-A4A1-38AC-B68E-6C4F966C68AE}.Release|Win32.Build.0 = Release|Win32
		{619FA1AB-A4A1-38AC-B68E-6C4F966C68AE}.ReleaseNoOpenMP|Win32.ActiveCfg = Release|Win32
		{619FA1AB-A4A1-38AC-B68E-6C4F966C68AE}.ReleaseNoOpenMP|Win32.Build.0 = Release|Win32
		{619FA1AB-A4A1-38AC-B68E-6C4F966C68AE}.RelWithDebInfo|Win32.ActiveCfg = Release|Win32
		{619FA1AB-A4A1-38AC-B68E-6C4F966C68AE}.RelWithDebInfo|Win32.Build.0 = Release|Win32
		{619FA1AB-A4A1-38AC-B68E-6C4F966C68AE}.Template|Win32.ActiveCfg = Release|Win32
		{619FA1AB-A4A1-38AC-B68E-6C4F966C68AE}.Template|Win32.Build.0 = Release|Win32
		{C0A9DD0A-FDA1-4749-86B7-D831CDD4478B}.Debug|Win32.ActiveCfg = Debug|Win32
		{C0A9DD0A-FDA1-4749-86B7-D831CDD4478B}.Debug|Win32.Build.0 = Debug|Win32
		{C0A9DD0A-FDA1-4749-86B7-D831CDD4478B}.MinSizeRel|Win32.ActiveCfg = Release|Win32
		{C0A9DD0A-FDA1-4749-86B7-D831CDD4478B}.MinSizeRel|Win32.Build.0 = Release|Win32
		{C0A9DD0A-FDA1-4749-86B7-D831CDD4478B}.Release|Win32.ActiveCfg = Release|Win32
		{C0A9DD0A-FDA1-4749-86B7-D831CDD4478B}.Release|Win32.Build.0 = Release|Win32
		{C0A9DD0A-FDA1-4749-86B7-D831CDD4478B}.ReleaseNoOpenMP|Win32.ActiveCfg = Release|Win32
		{C0A9DD0A-FDA1-4749-86B7-D831CDD4478B}.ReleaseNoOpenMP|Win32.Build.0 = Release|Win32
		{C0A9DD0A-FDA1-4749-86B7-D831CDD4478B}.RelWithDebInfo|Win32.ActiveCfg = Release|Win32
		{C0A9DD0A-FDA1-4749-86B7-D831CDD4478B}.RelWithDebInfo|Win32.Build.0 = Release|Win32
		{C0A9DD0A-FDA1-4749-86B7-D831CDD4478B}.Template|Win32.ActiveCfg = Release|Win32
		{C0A9DD0A-FDA1-4749-86B7-D831CDD4478B}.Template|Win32.Build.0 = Release|Win32
		{5FDF2849-8AB0-4E61-AF32-1C9AF7479601}.Debug|Win32.ActiveCfg = Debug|Win32
		{5FDF2849-8AB0-4E61-AF32-1C9AF7479601}.Debug|Win32.Build.0 = Debug|Win32
		{5FDF2849-8AB0-4E61-AF32-1C9AF7479601}.MinSizeRel|Win32.ActiveCfg = Release|Win32
		{5FDF2849-8AB0-4E61-AF32-1C9AF7479601}.MinSizeRel|Win32.Build.0 = Release|Win32
		{5FDF2849-8AB0-4E61-AF32-1C9AF7479601}.Release|Win32.ActiveCfg = Release|Win32
		{5FDF2849-8AB0-4E61-AF32-1C9AF7479601}.Release|Win32.Build.0 = Release|Win32
		{5FDF2849-8AB0-4E61-AF32-1C9AF7479601}.ReleaseNoOpenMP|Win32.ActiveCfg = Release|Win32
		{5FDF2849-8AB0-4E61-AF32-1C9AF7479601}.ReleaseNoOpenMP|Win32.Build.0 = Release|Win32
		{5FDF2849-8AB0-4E61-AF32-1C9AF7479601}.RelWithDebInfo|Win32.ActiveCfg = Release|Win32
		{5FDF2849-8AB0-4E61-AF32-1C9AF7479601}.RelWithDebInfo|Win32.Build.0 = Release|Win32
		{5FDF2849-8AB0-4E61-AF32-1C9AF7479601}.Template|Win32.ActiveCfg = Release|Win32
		{5FDF2849-8AB0-4E61-AF32-1C9AF7479601}.Template|Win32.Build.0 = Release|Win32
		{8493C89C-1CC1-4E8B-9EFB-A1B833608B80}.Debug|Win32.ActiveCfg = Debug|Win32
		{8493C89C-1CC1-4E8B-9EFB-A1B833608B80}.Debug|Win32.Build.0 = Debug|Win32
		{8493C89C-1CC1-4E8B-9EFB-A1B833608B80}.MinSizeRel|Win32.ActiveCfg = Template|Win32
		{8493C89C-1CC1-4E8B-9EFB-A1B833608B80}.MinSizeRel|Win32.Build.0 = Template|Win32
		{8493C89C-1CC1-4E8B-9EFB-A1B833608B80}.Release|Win32.ActiveCfg = Release|Win32
		{8493C89C-1CC1-4E8B-9EFB-A1B833608B80}.Release|Win32.Build.0 = Release|Win32
		{8493C89C-1CC1-4E8B-9EFB-A1B833608B80}.ReleaseNoOpenMP|Win32.ActiveCfg = Release|Win32
		{8493C89C-1CC1-4E8B-9EFB-A1B833608B80}.ReleaseNoOpenMP|Win32.Build.0 = Release|Win32
		{8493C89C-1CC1-4E8B-9EFB-A1B833608B80}.RelWithDebInfo|Win32.ActiveCfg = Release|Win32
		{8493C89C-1CC1-4E8B-9EFB-A1B833608B80}.RelWithDebInfo|Win32.Build.0 = Release|Win32
		{8493C89C-1CC1-4E8B-9EFB-A1B833608B80}.Template|Win32.ActiveCfg = Template|Win32
		{8493C89C-1CC1-4E8B-9EFB-A1B833608B80}.Template|Win32.Build.0 = Template|Win32
		{DB488001-8E98-4724-9787-72DA137C4E47}.Debug|Win32.ActiveCfg = Debug|Win32
		{DB488001-8E98-4724-9787-72DA137C4E47}.Debug|Win32.Build.0 = Debug|Win32
		{DB488001-8E98-4724-9787-72DA137C4E47}.MinSizeRel|Win32.ActiveCfg = ReleaseNoOpenMP|Win32
		{DB488001-8E98-4724-9787-72DA137C4E47}.MinSizeRel|Win32.Build.0 = ReleaseNoOpenMP|Win32
		{DB488001-8E98-4724-9787-72DA137C4E47}.Release|Win32.ActiveCfg = Release|Win32
		{DB488001-8E98-4724-9787-72DA137C4E47}.Release|Win32.Build.0 = Release|Win32
		{DB488001-8E98-4724-9787-72DA137C4E47}.ReleaseNoOpenMP|Win32.ActiveCfg = ReleaseNoOpenMP|Win32
		{DB488001-8E98-4724-9787-72DA137C4E47}.ReleaseNoOpenMP|Win32.Build.0 = ReleaseNoOpenMP|Win32
		{DB488001-8E98-4724-9787-72DA137C4E47}.RelWithDebInfo|Win32.ActiveCfg = ReleaseNoOpenMP|Win32
		{DB488001-8E98-4724-9787-72DA137C4E47}.RelWithDebInfo|Win32.Build.0 = ReleaseNoOpenMP|Win32
		{DB488001-8E98-4724-9787-72DA137C4E47}.Template|Win32.ActiveCfg = ReleaseNoOpenMP|Win32
		{DB488001-8E98-4724-9787-72DA137C4E47}.Template|Win32.Build.0 = ReleaseNoOpenMP|Win32
		{E02FCFB9-A587-4498-8EF0-47937769B7AA}.Debug|Win32.ActiveCfg = Debug|Win32
		{E02FCFB9-A587-4498-8EF0-47937769B7AA}.Debug|Win32.Build.0 = Debug|Win32
		{E02FCFB9-A587-4498-8EF0-47937769B7AA}.MinSizeRel|Win32.ActiveCfg = Release|Win32
		{E02FCFB9-A587-4498-8EF0-47937769B7AA}.MinSizeRel|Win32.Build.0 = Release|Win32
		{E02FCFB9-A587-4498-8EF0-47937769B7AA}.Release|Win32.ActiveCfg = Release|Win32
		{E02FCFB9-A587-4498-8EF0-47937769B7AA}.Release|Win32.Build.0 = Release|Win32
		{E02FCFB9-A587-4498-8EF0-47937769B7AA}.ReleaseNoOpenMP|Win32.ActiveCfg = Release|Win32
		{E02FCFB9-A587-4498-8EF0-47937769B7AA}.ReleaseNoOpenMP|Win32.Build.0 = Release|Win32
		{E02FCFB9-A587-4498-8EF0-47937769B7AA}.RelWithDebInfo|Win32.ActiveCfg = Release|Win32
		{E02FCFB9-A587-4498-8EF0-47937769B7AA}.RelWithDebInfo|Win32.Build.0 = Release|Win32
		{E02FCFB9-A587-4498-8EF0-47937769B7AA}.Template|Win32.ActiveCfg = Release|Win32
		{E02FCFB9-A587-4498-8EF0-47937769B7AA}.Template|Win32.Build.0 = Release|Win32
		{3BF9D44F-4A29-46EE-9A04-EE706E602620}.Debug|Win32.ActiveCfg = Debug|Win32
		{3BF9D44F-4A29-46EE-9A04-EE706E602620}.Debug|Win32.Build.0 = Debug|Win32
		{3BF9D44F-4A29-46EE-9A04-EE706E602620}.MinSizeRel|Win32.ActiveCfg = Release|Win32
		{3BF9D44F-4A29-46EE-9A04-EE706E602620}.MinSizeRel|Win32.Build.0 = Release|Win32
		{3BF9D44F-4A29-46EE-9A04-EE706E602620}.Release|Win32.ActiveCfg = Release|Win32
		{3BF9D44F-4A29-46EE-9A04-EE706E602620}.Release|Win32.Build.0 = Release|Win32
		{3BF9D44F-4A29-46EE-9A04-EE706E602620}.ReleaseNoOpenMP|Win32.ActiveCfg = Release|Win32
		{3BF9D44F-4A29-46EE-9A04-EE706E602620}.ReleaseNoOpenMP|Win32.Build.0 = Release|Win32
		{3BF9D44F-4A29-46EE-9A04-EE706E602620}.RelWithDebInfo|Win32.ActiveCfg = Release|Win32
		{3BF9D44F-4A29-46EE-9A04-EE706E602620}.RelWithDebInfo|Win32.Build.0 = Release|Win32
		{3BF9D44F-4A29-46EE-9A04-EE706E602620}.Template|Win32.ActiveCfg = Release|Win32
		{3BF9D44F-4A29-46EE-9A04-EE706E602620}.Template|Win32.Build.0 = Release|Win32
		{7B21D090-9A12-4E86-8E65-9AAEA2B72AB4}.Debug|Win32.ActiveCfg = Debug|Win32
		{7B21D090-9A12-4E86-8E65-9AAEA2B72AB4}.Debug|Win32.Build.0 = Debug|Win32
		{7B21D090-9A12-4E86-8E65-9AAEA2B72AB4}.MinSizeRel|Win32.ActiveCfg = Release|Win32
		{7B21D090-9A12-4E86-8E65-9AAEA2B72AB4}.MinSizeRel|Win32.Build.0 = Release|Win32
		{7B21D090-9A12-4E86-8E65-9AAEA2B72AB4}.Release|Win32.ActiveCfg = Release|Win32
		{7B21D090-9A12-4E86-8E65-9AAEA2B72AB4}.Release|Win32.Build.0 = Release|Win32
		{7B21D090-9A12-4E86-8E65-9AAEA2B72AB4}.ReleaseNoOpenMP|Win32.ActiveCfg = Release|Win32
		{7B21D090-9A12-4E86-8E65-9AAEA2B72AB4}.ReleaseNoOpenMP|Win32.Build.0 = Release|Win32
		{7B21D090-9A12-4E86-8E65-9AAEA2B72AB4}.RelWithDebInfo|Win32.ActiveCfg = Release|Win32
		{7B21D090-9A12-4E86-8E65-9AAEA2B72AB4}.RelWithDebInfo|Win32.Build.0 = Release|Win32
		{7B21D090-9A12-4E86-8E65-9AAEA2B72AB4}.Template|Win32.ActiveCfg = Release|Win32
		{7B21D090-9A12-4E86-8E65-9AAEA2B72AB4}.Template|Win32.Build.0 = Release|Win32
	EndGlobalSection
	GlobalSection(SolutionProperties) = preSolution
		HideSolutionNode = FALSE
	EndGlobalSection
	GlobalSection(NestedProjects) = preSolution
		{AE8EB9B3-D2C2-4372-AB4B-FC980EE69D2D} = {4ADB29D6-F1A4-4E50-AC0E-1F63C655A346}
		{1D558D7D-DA57-4908-BCFC-902054FE6B63} = {4ADB29D6-F1A4-4E50-AC0E-1F63C655A346}
		{83EAA85F-C485-3606-8EAD-E289932E688E} = {D0F5990F-A203-4968-BE91-D6200E090606}
		{27B733A9-04D4-3335-8361-3CC1D5D275C2} = {D0F5990F-A203-4968-BE91-D6200E090606}
		{7D5C4A6F-C0C7-33CE-895F-A613AADD373E} = {D0F5990F-A203-4968-BE91-D6200E090606}
		{5BA78FB2-47A1-4FE6-9C16-E7FBECEB6DFC} = {D0F5990F-A203-4968-BE91-D6200E090606}
		{F67CCD78-3A40-3EFB-B6B7-931B8EA0E2A0} = {D0F5990F-A203-4968-BE91-D6200E090606}
		{619FA1AB-A4A1-38AC-B68E-6C4F966C68AE} = {D0F5990F-A203-4968-BE91-D6200E090606}
		{DB488001-8E98-4724-9787-72DA137C4E47} = {C12C7BF5-DE0C-4DB2-AA2E-F12575A4A9B2}
		{E02FCFB9-A587-4498-8EF0-47937769B7AA} = {C12C7BF5-DE0C-4DB2-AA2E-F12575A4A9B2}
		{3BF9D44F-4A29-46EE-9A04-EE706E602620} = {C12C7BF5-DE0C-4DB2-AA2E-F12575A4A9B2}
		{7B21D090-9A12-4E86-8E65-9AAEA2B72AB4} = {C12C7BF5-DE0C-4DB2-AA2E-F12575A4A9B2}
	EndGlobalSection
EndGlobal
