<?xml version="1.0" encoding="utf-8"?>
<Project ToolsVersion="4.0" xmlns="http://schemas.microsoft.com/developer/msbuild/2003">
  <ItemGroup>
    <Filter Include="Form Files">
      <UniqueIdentifier>{99349809-55BA-4b9d-BF79-8FDBB0286EB3}</UniqueIdentifier>
      <Extensions>ui</Extensions>
      <ParseFiles>false</ParseFiles>
    </Filter>
    <Filter Include="Form Files">
      <UniqueIdentifier>{99349809-55BA-4b9d-BF79-8FDBB0286EB3}</UniqueIdentifier>
      <Extensions>ui</Extensions>
      <ParseFiles>false</ParseFiles>
    </Filter>
    <Filter Include="Generated Files">
      <UniqueIdentifier>{71ED8ED8-ACB9-4CE9-BBE1-E00B30144E11}</UniqueIdentifier>
      <Extensions>cpp;c;cxx;moc;h;def;odl;idl;res;</Extensions>
    </Filter>
    <Filter Include="Generated Files">
      <UniqueIdentifier>{71ED8ED8-ACB9-4CE9-BBE1-E00B30144E11}</UniqueIdentifier>
      <Extensions>cpp;c;cxx;moc;h;def;odl;idl;res;</Extensions>
    </Filter>
    <Filter Include="Resource Files">
      <UniqueIdentifier>{D9D6E242-F8AF-46E4-B9FD-80ECBC20BA3E}</UniqueIdentifier>
      <Extensions>qrc;*</Extensions>
      <ParseFiles>false</ParseFiles>
    </Filter>
    <Filter Include="Resource Files">
      <UniqueIdentifier>{D9D6E242-F8AF-46E4-B9FD-80ECBC20BA3E}</UniqueIdentifier>
      <Extensions>qrc;*</Extensions>
      <ParseFiles>false</ParseFiles>
    </Filter>
    <Filter Include="Generated Files\Debug">
      <UniqueIdentifier>{c24c57a4-2598-4761-b984-d02e9c7aebca}</UniqueIdentifier>
      <Extensions>cpp;moc</Extensions>
      <SourceControlFiles>False</SourceControlFiles>
    </Filter>
    <Filter Include="Generated Files\Release">
      <UniqueIdentifier>{106ba479-353a-4aac-bbcb-ba00cb20f88f}</UniqueIdentifier>
      <Extensions>cpp;moc</Extensions>
      <SourceControlFiles>False</SourceControlFiles>
    </Filter>
    <Filter Include="Source Files">
      <UniqueIdentifier>{b3961107-7f57-49b1-adfd-1a7f4258614b}</UniqueIdentifier>
    </Filter>
    <Filter Include="Header Files">
      <UniqueIdentifier>{7deb8b0d-4525-4c2d-af1c-451a6b2445c0}</UniqueIdentifier>
    </Filter>
    <Filter Include="QsLog">
      <UniqueIdentifier>{fae113af-fc05-432c-9e4e-ff3732f2b7e6}</UniqueIdentifier>
    </Filter>
  </ItemGroup>
  <ItemGroup>
    <CustomBuild Include="pythonwriter.ui">
      <Filter>Form Files</Filter>
    </CustomBuild>
    <CustomBuild Include="filestabwidget.h">
      <Filter>Header Files</Filter>
    </CustomBuild>
    <CustomBuild Include="IRopeProject.h">
      <Filter>Header Files</Filter>
    </CustomBuild>
    <CustomBuild Include="pythonEditor.h">
      <Filter>Header Files</Filter>
    </CustomBuild>
    <CustomBuild Include="pythontexteditor.h">
      <Filter>Header Files</Filter>
    </CustomBuild>
    <CustomBuild Include="RopeFile.h">
      <Filter>Header Files</Filter>
    </CustomBuild>
    <CustomBuild Include="RopeProject.h">
      <Filter>Header Files</Filter>
    </CustomBuild>
    <CustomBuild Include="ropethread.h">
      <Filter>Header Files</Filter>
    </CustomBuild>
  </ItemGroup>
  <ItemGroup>
    <CustomBuild Include="application.qrc">
      <Filter>Resource Files</Filter>
    </CustomBuild>
    <None Include="images\copy.png">
      <Filter>Resource Files</Filter>
    </None>
    <None Include="images\cut.png">
      <Filter>Resource Files</Filter>
    </None>
    <None Include="images\new.png">
      <Filter>Resource Files</Filter>
    </None>
    <None Include="images\open.png">
      <Filter>Resource Files</Filter>
    </None>
    <None Include="images\paste.png">
      <Filter>Resource Files</Filter>
    </None>
    <None Include="images\save.png">
      <Filter>Resource Files</Filter>
    </None>
  </ItemGroup>
  <ItemGroup>
    <ClInclude Include="ILexer.h">
      <Filter>Header Files</Filter>
    </ClInclude>
    <ClInclude Include="PythonLexer.h">
      <Filter>Header Files</Filter>
    </ClInclude>
    <ClInclude Include="GeneratedFiles\ui_pythonwriter.h">
      <Filter>Header Files</Filter>
    </ClInclude>
    <ClInclude Include="XMLRPC.h">
      <Filter>Header Files</Filter>
    </ClInclude>
    <ClInclude Include="QsLog\QsLog.h">
      <Filter>QsLog</Filter>
    </ClInclude>
    <ClInclude Include="QsLog\QsLogDest.h">
      <Filter>QsLog</Filter>
    </ClInclude>
    <ClInclude Include="QsLog\QsLogDestConsole.h">
      <Filter>QsLog</Filter>
    </ClInclude>
    <ClInclude Include="QsLog\QsLogDestFile.h">
      <Filter>QsLog</Filter>
    </ClInclude>
    <ClInclude Include="QsLog\QsLogDisableForThisFile.h">
      <Filter>QsLog</Filter>
    </ClInclude>
    <ClInclude Include="QsLog\QsLogLevel.h">
      <Filter>QsLog</Filter>
    </ClInclude>
    <ClInclude Include="def_settings.h">
      <Filter>Source Files</Filter>
    </ClInclude>
  </ItemGroup>
  <ItemGroup>
    <ClCompile Include="GeneratedFiles\Debug\moc_filestabwidget.cpp">
      <Filter>Generated Files\Debug</Filter>
    </ClCompile>
    <ClCompile Include="GeneratedFiles\Release\moc_filestabwidget.cpp">
      <Filter>Generated Files\Release</Filter>
    </ClCompile>
    <ClCompile Include="GeneratedFiles\Debug\moc_IRopeProject.cpp">
      <Filter>Generated Files\Debug</Filter>
    </ClCompile>
    <ClCompile Include="GeneratedFiles\Release\moc_IRopeProject.cpp">
      <Filter>Generated Files\Release</Filter>
    </ClCompile>
    <ClCompile Include="GeneratedFiles\Debug\moc_pythonEditor.cpp">
      <Filter>Generated Files\Debug</Filter>
    </ClCompile>
    <ClCompile Include="GeneratedFiles\Release\moc_pythonEditor.cpp">
      <Filter>Generated Files\Release</Filter>
    </ClCompile>
    <ClCompile Include="GeneratedFiles\Debug\moc_pythontexteditor.cpp">
      <Filter>Generated Files\Debug</Filter>
    </ClCompile>
    <ClCompile Include="GeneratedFiles\Release\moc_pythontexteditor.cpp">
      <Filter>Generated Files\Release</Filter>
    </ClCompile>
    <ClCompile Include="GeneratedFiles\Debug\moc_RopeFile.cpp">
      <Filter>Generated Files\Debug</Filter>
    </ClCompile>
    <ClCompile Include="GeneratedFiles\Release\moc_RopeFile.cpp">
      <Filter>Generated Files\Release</Filter>
    </ClCompile>
    <ClCompile Include="GeneratedFiles\Debug\moc_RopeProject.cpp">
      <Filter>Generated Files\Debug</Filter>
    </ClCompile>
    <ClCompile Include="GeneratedFiles\Release\moc_RopeProject.cpp">
      <Filter>Generated Files\Release</Filter>
    </ClCompile>
    <ClCompile Include="GeneratedFiles\Debug\moc_ropethread.cpp">
      <Filter>Generated Files\Debug</Filter>
    </ClCompile>
    <ClCompile Include="GeneratedFiles\Release\moc_ropethread.cpp">
      <Filter>Generated Files\Release</Filter>
    </ClCompile>
    <ClCompile Include="filestabwidget.cpp">
      <Filter>Source Files</Filter>
    </ClCompile>
    <ClCompile Include="main.cpp">
      <Filter>Source Files</Filter>
    </ClCompile>
    <ClCompile Include="pythonEditor.cpp">
      <Filter>Source Files</Filter>
    </ClCompile>
    <ClCompile Include="PythonLexer.cpp">
      <Filter>Source Files</Filter>
    </ClCompile>
    <ClCompile Include="pythontexteditor.cpp">
      <Filter>Source Files</Filter>
    </ClCompile>
    <ClCompile Include="GeneratedFiles\qrc_application.cpp">
      <Filter>Source Files</Filter>
    </ClCompile>
    <ClCompile Include="RopeFile.cpp">
      <Filter>Source Files</Filter>
    </ClCompile>
    <ClCompile Include="RopeProject.cpp">
      <Filter>Source Files</Filter>
    </ClCompile>
    <ClCompile Include="ropethread.cpp">
      <Filter>Source Files</Filter>
    </ClCompile>
    <ClCompile Include="XMLRPC.cpp">
      <Filter>Source Files</Filter>
    </ClCompile>
    <ClCompile Include="QsLog\QsLog.cpp">
      <Filter>QsLog</Filter>
    </ClCompile>
    <ClCompile Include="QsLog\QsLogDest.cpp">
      <Filter>QsLog</Filter>
    </ClCompile>
    <ClCompile Include="QsLog\QsLogDestConsole.cpp">
      <Filter>QsLog</Filter>
    </ClCompile>
    <ClCompile Include="QsLog\QsLogDestFile.cpp">
      <Filter>QsLog</Filter>
    </ClCompile>
  </ItemGroup>
  <ItemGroup>
    <None Include="images\attribute.png">
      <Filter>Resource Files</Filter>
    </None>
    <None Include="images\c++.png">
      <Filter>Resource Files</Filter>
    </None>
    <None Include="images\class.png">
      <Filter>Resource Files</Filter>
    </None>
    <None Include="images\method.png">
      <Filter>Resource Files</Filter>
    </None>
    <None Include="images\module.png">
      <Filter>Resource Files</Filter>
    </None>
    <None Include="images\run.png">
      <Filter>Resource Files</Filter>
    </None>
    <None Include="images\run_imed.png">
      <Filter>Resource Files</Filter>
    </None>
  </ItemGroup>
</Project>