<?xml version="1.0" encoding="utf-8"?>
<Project ToolsVersion="4.0" xmlns="http://schemas.microsoft.com/developer/msbuild/2003">
  <ItemGroup>
    <Filter Include="Form Files">
      <UniqueIdentifier>{99349809-55BA-4b9d-BF79-8FDBB0286EB3}</UniqueIdentifier>
      <Extensions>ui</Extensions>
      <ParseFiles>false</ParseFiles>
    </Filter>
    <Filter Include="Form Files">
      <UniqueIdentifier>{99349809-55BA-4b9d-BF79-8FDBB0286EB3}</UniqueIdentifier>
      <Extensions>ui</Extensions>
      <ParseFiles>false</ParseFiles>
    </Filter>
    <Filter Include="Generated Files">
      <UniqueIdentifier>{71ED8ED8-ACB9-4CE9-BBE1-E00B30144E11}</UniqueIdentifier>
      <Extensions>cpp;c;cxx;moc;h;def;odl;idl;res;</Extensions>
    </Filter>
    <Filter Include="Generated Files">
      <UniqueIdentifier>{71ED8ED8-ACB9-4CE9-BBE1-E00B30144E11}</UniqueIdentifier>
      <Extensions>cpp;c;cxx;moc;h;def;odl;idl;res;</Extensions>
    </Filter>
    <Filter Include="Header Files">
      <UniqueIdentifier>{93995380-89BD-4b04-88EB-625FBE52EBFB}</UniqueIdentifier>
      <Extensions>h;hpp;hxx;hm;inl;inc;xsd</Extensions>
    </Filter>
    <Filter Include="Header Files">
      <UniqueIdentifier>{93995380-89BD-4b04-88EB-625FBE52EBFB}</UniqueIdentifier>
      <Extensions>h;hpp;hxx;hm;inl;inc;xsd</Extensions>
    </Filter>
    <Filter Include="Source Files">
      <UniqueIdentifier>{4FC737F1-C7A5-4376-A066-2A32D752A2FF}</UniqueIdentifier>
      <Extensions>cpp;c;cxx;def;odl;idl;hpj;bat;asm;asmx</Extensions>
    </Filter>
    <Filter Include="Source Files">
      <UniqueIdentifier>{4FC737F1-C7A5-4376-A066-2A32D752A2FF}</UniqueIdentifier>
      <Extensions>cpp;c;cxx;def;odl;idl;hpj;bat;asm;asmx</Extensions>
    </Filter>
    <Filter Include="Generated Files\Debug">
      <UniqueIdentifier>{937bb038-76e1-42d8-aed4-f0a53ce63edb}</UniqueIdentifier>
      <Extensions>cpp;moc</Extensions>
      <SourceControlFiles>False</SourceControlFiles>
    </Filter>
    <Filter Include="Generated Files\Release">
      <UniqueIdentifier>{7457a653-dd9e-4396-9266-d132f9979b72}</UniqueIdentifier>
      <Extensions>cpp;moc</Extensions>
      <SourceControlFiles>False</SourceControlFiles>
    </Filter>
  </ItemGroup>
  <ItemGroup>
    <ClCompile Include="prefWidget\boolprefwidget.cpp">
      <Filter>Source Files</Filter>
    </ClCompile>
    <ClCompile Include="prefWidget\colorlisteditor.cpp">
      <Filter>Source Files</Filter>
    </ClCompile>
    <ClCompile Include="prefWidget\colorprefwidget.cpp">
      <Filter>Source Files</Filter>
    </ClCompile>
    <ClCompile Include="prefWidget\comboprefwidget.cpp">
      <Filter>Source Files</Filter>
    </ClCompile>
    <ClCompile Include="prefWidget\fileprefwidget.cpp">
      <Filter>Source Files</Filter>
    </ClCompile>
    <ClCompile Include="prefWidget\fontprefwidget.cpp">
      <Filter>Source Files</Filter>
    </ClCompile>
    <ClCompile Include="prefWidget\intprefwidget.cpp">
      <Filter>Source Files</Filter>
    </ClCompile>
    <ClCompile Include="prefWidget\iprefwidget.cpp">
      <Filter>Source Files</Filter>
    </ClCompile>
    <ClCompile Include="main.cpp">
      <Filter>Source Files</Filter>
    </ClCompile>
    <ClCompile Include="prefWidget\pathprefwidget.cpp">
      <Filter>Source Files</Filter>
    </ClCompile>
    <ClCompile Include="prefWidget\strprefwidget.cpp">
      <Filter>Source Files</Filter>
    </ClCompile>
    <ClCompile Include="Debug\moc_colorlisteditor.cpp">
      <Filter>Generated Files\Debug</Filter>
    </ClCompile>
    <ClCompile Include="Release\moc_colorlisteditor.cpp">
      <Filter>Generated Files\Release</Filter>
    </ClCompile>
    <ClCompile Include="Debug\moc_iprefwidget.cpp">
      <Filter>Generated Files\Debug</Filter>
    </ClCompile>
    <ClCompile Include="Release\moc_iprefwidget.cpp">
      <Filter>Generated Files\Release</Filter>
    </ClCompile>
    <ClCompile Include="Debug\moc_SettingUI.cpp">
      <Filter>Generated Files\Debug</Filter>
    </ClCompile>
    <ClCompile Include="Release\moc_SettingUI.cpp">
      <Filter>Generated Files\Release</Filter>
    </ClCompile>
    <ClCompile Include="SettingUI.cpp">
      <Filter>Source Files</Filter>
    </ClCompile>
  </ItemGroup>
  <ItemGroup>
    <ClInclude Include="prefWidget\boolprefwidget.h">
      <Filter>Header Files</Filter>
    </ClInclude>
    <CustomBuild Include="prefWidget\colorlisteditor.h">
      <Filter>Header Files</Filter>
    </CustomBuild>
    <ClInclude Include="prefWidget\colorprefwidget.h">
      <Filter>Header Files</Filter>
    </ClInclude>
    <ClInclude Include="prefWidget\comboprefwidget.h">
      <Filter>Header Files</Filter>
    </ClInclude>
    <ClInclude Include="prefWidget\fileprefwidget.h">
      <Filter>Header Files</Filter>
    </ClInclude>
    <ClInclude Include="prefWidget\fontprefwidget.h">
      <Filter>Header Files</Filter>
    </ClInclude>
    <ClInclude Include="prefWidget\intprefwidget.h">
      <Filter>Header Files</Filter>
    </ClInclude>
    <CustomBuild Include="prefWidget\iprefwidget.h">
      <Filter>Header Files</Filter>
    </CustomBuild>
    <ClInclude Include="prefWidget\pathprefwidget.h">
      <Filter>Header Files</Filter>
    </ClInclude>
    <ClInclude Include="prefWidget\strprefwidget.h">
      <Filter>Header Files</Filter>
    </ClInclude>
    <ClInclude Include="GeneratedFiles\ui_mainwindow.h">
      <Filter>Generated Files</Filter>
    </ClInclude>
  </ItemGroup>
  <ItemGroup>
    <CustomBuild Include="mainwindow.ui">
      <Filter>Form Files</Filter>
    </CustomBuild>
    <CustomBuild Include="SettingUI.h">
      <Filter>Header Files</Filter>
    </CustomBuild>
  </ItemGroup>
</Project>