<?xml version="1.0" encoding="utf-8"?>
<Project ToolsVersion="4.0" xmlns="http://schemas.microsoft.com/developer/msbuild/2003">
  <ItemGroup>
    <Filter Include="Forms">
      <UniqueIdentifier>{f4571a72-cf40-4017-9489-ae3fcabd2252}</UniqueIdentifier>
      <Extensions>ui</Extensions>
    </Filter>
    <Filter Include="Header Files">
      <UniqueIdentifier>{93995380-89BD-4b04-88EB-625FBE52EBFB}</UniqueIdentifier>
      <Extensions>h;hpp;hxx;hm;inl;inc;xsd</Extensions>
    </Filter>
    <Filter Include="Source Files">
      <UniqueIdentifier>{4FC737F1-C7A5-4376-A066-2A32D752A2FF}</UniqueIdentifier>
      <Extensions>cpp;c;cxx;def;odl;idl;hpj;bat;asm;asmx</Extensions>
    </Filter>
    <Filter Include="Generated Files">
      <UniqueIdentifier>{0afd4d38-e84e-463e-971a-95373ae3b4bc}</UniqueIdentifier>
      <Extensions>cpp</Extensions>
    </Filter>
    <Filter Include="Resource Files">
      <UniqueIdentifier>{67DA6AB6-F800-4c08-8B7A-83BB121AAD01}</UniqueIdentifier>
      <Extensions>qrc;rc;ico;cur;bmp;dlg;rc2;rct;bin;rgs;gif;jpg;jpeg;jpe;resx</Extensions>
    </Filter>
  </ItemGroup>
  <ItemGroup>
    <ClCompile Include="ColorCombo.cpp">
      <Filter>Source Files</Filter>
    </ClCompile>
    <ClCompile Include="EnumProperty.cpp">
      <Filter>Source Files</Filter>
    </ClCompile>
    <ClCompile Include="Property.cpp">
      <Filter>Source Files</Filter>
    </ClCompile>
    <ClCompile Include="QPropertyEditorWidget.cpp">
      <Filter>Source Files</Filter>
    </ClCompile>
    <ClCompile Include="QPropertyModel.cpp">
      <Filter>Source Files</Filter>
    </ClCompile>
    <ClCompile Include="QVariantDelegate.cpp">
      <Filter>Source Files</Filter>
    </ClCompile>
    <ClCompile Include="moc_ColorCombo.cpp">
      <Filter>Generated Files</Filter>
    </ClCompile>
    <ClCompile Include="moc_EnumProperty.cpp">
      <Filter>Generated Files</Filter>
    </ClCompile>
    <ClCompile Include="moc_Property.cpp">
      <Filter>Generated Files</Filter>
    </ClCompile>
    <ClCompile Include="moc_QPropertyEditorWidget.cpp">
      <Filter>Generated Files</Filter>
    </ClCompile>
    <ClCompile Include="moc_QPropertyModel.cpp">
      <Filter>Generated Files</Filter>
    </ClCompile>
    <ClCompile Include="moc_QVariantDelegate.cpp">
      <Filter>Generated Files</Filter>
    </ClCompile>
  </ItemGroup>
  <ItemGroup>
    <None Include="QPropertyEditor.pro" />
  </ItemGroup>
  <ItemGroup>
    <CustomBuild Include="ColorCombo.h">
      <Filter>Header Files</Filter>
    </CustomBuild>
    <CustomBuild Include="EnumProperty.h">
      <Filter>Header Files</Filter>
    </CustomBuild>
    <CustomBuild Include="Property.h">
      <Filter>Header Files</Filter>
    </CustomBuild>
    <CustomBuild Include="QPropertyEditorWidget.h">
      <Filter>Header Files</Filter>
    </CustomBuild>
    <CustomBuild Include="QPropertyModel.h">
      <Filter>Header Files</Filter>
    </CustomBuild>
    <CustomBuild Include="QVariantDelegate.h">
      <Filter>Header Files</Filter>
    </CustomBuild>
  </ItemGroup>
</Project>